// !$*UTF8*$!
{
	archiveVersion = 1;
	classes = {
	};
	objectVersion = 48;
	objects = {

/* Begin PBXBuildFile section */
		9BCC66D31F6BB3B600FE2602 /* AppDelegate.swift in Sources */ = {isa = PBXBuildFile; fileRef = 9BCC66D21F6BB3B600FE2602 /* AppDelegate.swift */; };
		9BCC66D51F6BB3B600FE2602 /* ViewController.swift in Sources */ = {isa = PBXBuildFile; fileRef = 9BCC66D41F6BB3B600FE2602 /* ViewController.swift */; };
		9BCC66D81F6BB3B600FE2602 /* Main.storyboard in Resources */ = {isa = PBXBuildFile; fileRef = 9BCC66D61F6BB3B600FE2602 /* Main.storyboard */; };
		9BCC66DA1F6BB3B600FE2602 /* Assets.xcassets in Resources */ = {isa = PBXBuildFile; fileRef = 9BCC66D91F6BB3B600FE2602 /* Assets.xcassets */; };
		9BCC66DD1F6BB3B600FE2602 /* LaunchScreen.storyboard in Resources */ = {isa = PBXBuildFile; fileRef = 9BCC66DB1F6BB3B600FE2602 /* LaunchScreen.storyboard */; };
		9BCC66E81F6BB3B600FE2602 /* XCFit_ExampleTests.swift in Sources */ = {isa = PBXBuildFile; fileRef = 9BCC66E71F6BB3B600FE2602 /* XCFit_ExampleTests.swift */; };
		9BCC66FC1F6BB3D000FE2602 /* XCFit_ExampleBDDTests.swift in Sources */ = {isa = PBXBuildFile; fileRef = 9BCC66FB1F6BB3D000FE2602 /* XCFit_ExampleBDDTests.swift */; };
		9BCC66FF1F6BB3D000FE2602 /* Feature+Protocol.swift in Sources */ = {isa = PBXBuildFile; fileRef = 9BCC66FE1F6BB3D000FE2602 /* Feature+Protocol.swift */; };
		9BCC67021F6BB3D000FE2602 /* Feature+Extension.swift in Sources */ = {isa = PBXBuildFile; fileRef = 9BCC67011F6BB3D000FE2602 /* Feature+Extension.swift */; };
		9BCC67051F6BB3D000FE2602 /* Feature+Enum.swift in Sources */ = {isa = PBXBuildFile; fileRef = 9BCC67041F6BB3D000FE2602 /* Feature+Enum.swift */; };
		9BCC67081F6BB3D000FE2602 /* Feature+Tests.swift in Sources */ = {isa = PBXBuildFile; fileRef = 9BCC67071F6BB3D000FE2602 /* Feature+Tests.swift */; };
		9BCC67111F6BB4E200FE2602 /* XCFit.framework in Frameworks */ = {isa = PBXBuildFile; fileRef = 9BCC67101F6BB4E200FE2602 /* XCFit.framework */; };
/* End PBXBuildFile section */

/* Begin PBXContainerItemProxy section */
		9BCC66E41F6BB3B600FE2602 /* PBXContainerItemProxy */ = {
			isa = PBXContainerItemProxy;
			containerPortal = 9BCC66C71F6BB3B600FE2602 /* Project object */;
			proxyType = 1;
			remoteGlobalIDString = 9BCC66CE1F6BB3B600FE2602;
			remoteInfo = "XCFit-Example";
		};
		9BCC670A1F6BB3D000FE2602 /* PBXContainerItemProxy */ = {
			isa = PBXContainerItemProxy;
			containerPortal = 9BCC66C71F6BB3B600FE2602 /* Project object */;
			proxyType = 1;
			remoteGlobalIDString = 9BCC66CE1F6BB3B600FE2602;
			remoteInfo = "XCFit-Example";
		};
/* End PBXContainerItemProxy section */

/* Begin PBXFileReference section */
		9BCC66CF1F6BB3B600FE2602 /* XCFit-Example.app */ = {isa = PBXFileReference; explicitFileType = wrapper.application; includeInIndex = 0; path = "XCFit-Example.app"; sourceTree = BUILT_PRODUCTS_DIR; };
		9BCC66D21F6BB3B600FE2602 /* AppDelegate.swift */ = {isa = PBXFileReference; lastKnownFileType = sourcecode.swift; path = AppDelegate.swift; sourceTree = "<group>"; };
		9BCC66D41F6BB3B600FE2602 /* ViewController.swift */ = {isa = PBXFileReference; lastKnownFileType = sourcecode.swift; path = ViewController.swift; sourceTree = "<group>"; };
		9BCC66D71F6BB3B600FE2602 /* Base */ = {isa = PBXFileReference; lastKnownFileType = file.storyboard; name = Base; path = Base.lproj/Main.storyboard; sourceTree = "<group>"; };
		9BCC66D91F6BB3B600FE2602 /* Assets.xcassets */ = {isa = PBXFileReference; lastKnownFileType = folder.assetcatalog; path = Assets.xcassets; sourceTree = "<group>"; };
		9BCC66DC1F6BB3B600FE2602 /* Base */ = {isa = PBXFileReference; lastKnownFileType = file.storyboard; name = Base; path = Base.lproj/LaunchScreen.storyboard; sourceTree = "<group>"; };
		9BCC66DE1F6BB3B600FE2602 /* Info.plist */ = {isa = PBXFileReference; lastKnownFileType = text.plist.xml; path = Info.plist; sourceTree = "<group>"; };
		9BCC66E31F6BB3B600FE2602 /* XCFit-ExampleTests.xctest */ = {isa = PBXFileReference; explicitFileType = wrapper.cfbundle; includeInIndex = 0; path = "XCFit-ExampleTests.xctest"; sourceTree = BUILT_PRODUCTS_DIR; };
		9BCC66E71F6BB3B600FE2602 /* XCFit_ExampleTests.swift */ = {isa = PBXFileReference; lastKnownFileType = sourcecode.swift; path = XCFit_ExampleTests.swift; sourceTree = "<group>"; };
		9BCC66E91F6BB3B600FE2602 /* Info.plist */ = {isa = PBXFileReference; lastKnownFileType = text.plist.xml; path = Info.plist; sourceTree = "<group>"; };
		9BCC66F91F6BB3D000FE2602 /* XCFit-ExampleBDDTests.xctest */ = {isa = PBXFileReference; explicitFileType = wrapper.cfbundle; includeInIndex = 0; path = "XCFit-ExampleBDDTests.xctest"; sourceTree = BUILT_PRODUCTS_DIR; };
		9BCC66FB1F6BB3D000FE2602 /* XCFit_ExampleBDDTests.swift */ = {isa = PBXFileReference; lastKnownFileType = sourcecode.swift; path = XCFit_ExampleBDDTests.swift; sourceTree = "<group>"; };
		9BCC66FE1F6BB3D000FE2602 /* Feature+Protocol.swift */ = {isa = PBXFileReference; lastKnownFileType = sourcecode.swift; path = "Feature+Protocol.swift"; sourceTree = "<group>"; };
		9BCC67011F6BB3D000FE2602 /* Feature+Extension.swift */ = {isa = PBXFileReference; lastKnownFileType = sourcecode.swift; path = "Feature+Extension.swift"; sourceTree = "<group>"; };
		9BCC67041F6BB3D000FE2602 /* Feature+Enum.swift */ = {isa = PBXFileReference; lastKnownFileType = sourcecode.swift; path = "Feature+Enum.swift"; sourceTree = "<group>"; };
		9BCC67071F6BB3D000FE2602 /* Feature+Tests.swift */ = {isa = PBXFileReference; lastKnownFileType = sourcecode.swift; path = "Feature+Tests.swift"; sourceTree = "<group>"; };
		9BCC67091F6BB3D000FE2602 /* Info.plist */ = {isa = PBXFileReference; lastKnownFileType = text.plist.xml; path = Info.plist; sourceTree = "<group>"; };
		9BCC67101F6BB4E200FE2602 /* XCFit.framework */ = {isa = PBXFileReference; lastKnownFileType = wrapper.framework; name = XCFit.framework; path = Carthage/Build/iOS/XCFit.framework; sourceTree = "<group>"; };
/* End PBXFileReference section */

/* Begin PBXFrameworksBuildPhase section */
		9BCC66CC1F6BB3B600FE2602 /* Frameworks */ = {
			isa = PBXFrameworksBuildPhase;
			buildActionMask = 2147483647;
			files = (
			);
			runOnlyForDeploymentPostprocessing = 0;
		};
		9BCC66E01F6BB3B600FE2602 /* Frameworks */ = {
			isa = PBXFrameworksBuildPhase;
			buildActionMask = 2147483647;
			files = (
			);
			runOnlyForDeploymentPostprocessing = 0;
		};
		9BCC66F31F6BB3D000FE2602 /* Frameworks */ = {
			isa = PBXFrameworksBuildPhase;
			buildActionMask = 2147483647;
			files = (
				9BCC67111F6BB4E200FE2602 /* XCFit.framework in Frameworks */,
			);
			runOnlyForDeploymentPostprocessing = 0;
		};
		9BCC66F61F6BB3D000FE2602 /* Frameworks */ = {
			isa = PBXFrameworksBuildPhase;
			buildActionMask = 2147483647;
			files = (
			);
			runOnlyForDeploymentPostprocessing = 0;
		};
/* End PBXFrameworksBuildPhase section */

/* Begin PBXGroup section */
		9BCC66C61F6BB3B600FE2602 = {
			isa = PBXGroup;
			children = (
				9BCC66D11F6BB3B600FE2602 /* XCFit-Example */,
				9BCC66E61F6BB3B600FE2602 /* XCFit-ExampleTests */,
				9BCC66FA1F6BB3D000FE2602 /* XCFit-ExampleBDDTests */,
				9BCC66D01F6BB3B600FE2602 /* Products */,
				9BCC670F1F6BB4E200FE2602 /* Frameworks */,
			);
			sourceTree = "<group>";
		};
		9BCC66D01F6BB3B600FE2602 /* Products */ = {
			isa = PBXGroup;
			children = (
				9BCC66CF1F6BB3B600FE2602 /* XCFit-Example.app */,
				9BCC66E31F6BB3B600FE2602 /* XCFit-ExampleTests.xctest */,
				9BCC66F91F6BB3D000FE2602 /* XCFit-ExampleBDDTests.xctest */,
			);
			name = Products;
			sourceTree = "<group>";
		};
		9BCC66D11F6BB3B600FE2602 /* XCFit-Example */ = {
			isa = PBXGroup;
			children = (
				9BCC66D21F6BB3B600FE2602 /* AppDelegate.swift */,
				9BCC66D41F6BB3B600FE2602 /* ViewController.swift */,
				9BCC66D61F6BB3B600FE2602 /* Main.storyboard */,
				9BCC66D91F6BB3B600FE2602 /* Assets.xcassets */,
				9BCC66DB1F6BB3B600FE2602 /* LaunchScreen.storyboard */,
				9BCC66DE1F6BB3B600FE2602 /* Info.plist */,
			);
			path = "XCFit-Example";
			sourceTree = "<group>";
		};
		9BCC66E61F6BB3B600FE2602 /* XCFit-ExampleTests */ = {
			isa = PBXGroup;
			children = (
				9BCC66E71F6BB3B600FE2602 /* XCFit_ExampleTests.swift */,
				9BCC66E91F6BB3B600FE2602 /* Info.plist */,
			);
			path = "XCFit-ExampleTests";
			sourceTree = "<group>";
		};
		9BCC66FA1F6BB3D000FE2602 /* XCFit-ExampleBDDTests */ = {
			isa = PBXGroup;
			children = (
				9BCC66FB1F6BB3D000FE2602 /* XCFit_ExampleBDDTests.swift */,
				9BCC67091F6BB3D000FE2602 /* Info.plist */,
				9BCC66FD1F6BB3D000FE2602 /* Features */,
				9BCC67001F6BB3D000FE2602 /* Steps */,
				9BCC67031F6BB3D000FE2602 /* Elements */,
				9BCC67061F6BB3D000FE2602 /* Tests */,
			);
			path = "XCFit-ExampleBDDTests";
			sourceTree = "<group>";
		};
		9BCC66FD1F6BB3D000FE2602 /* Features */ = {
			isa = PBXGroup;
			children = (
				9BCC66FE1F6BB3D000FE2602 /* Feature+Protocol.swift */,
			);
			name = Features;
			sourceTree = "<group>";
		};
		9BCC67001F6BB3D000FE2602 /* Steps */ = {
			isa = PBXGroup;
			children = (
				9BCC67011F6BB3D000FE2602 /* Feature+Extension.swift */,
			);
			name = Steps;
			sourceTree = "<group>";
		};
		9BCC67031F6BB3D000FE2602 /* Elements */ = {
			isa = PBXGroup;
			children = (
				9BCC67041F6BB3D000FE2602 /* Feature+Enum.swift */,
			);
			name = Elements;
			sourceTree = "<group>";
		};
		9BCC67061F6BB3D000FE2602 /* Tests */ = {
			isa = PBXGroup;
			children = (
				9BCC67071F6BB3D000FE2602 /* Feature+Tests.swift */,
			);
			name = Tests;
			sourceTree = "<group>";
		};
		9BCC670F1F6BB4E200FE2602 /* Frameworks */ = {
			isa = PBXGroup;
			children = (
				9BCC67101F6BB4E200FE2602 /* XCFit.framework */,
			);
			name = Frameworks;
			sourceTree = "<group>";
		};
/* End PBXGroup section */

/* Begin PBXNativeTarget section */
		9BCC66CE1F6BB3B600FE2602 /* XCFit-Example */ = {
			isa = PBXNativeTarget;
			buildConfigurationList = 9BCC66EC1F6BB3B600FE2602 /* Build configuration list for PBXNativeTarget "XCFit-Example" */;
			buildPhases = (
				9BCC66CB1F6BB3B600FE2602 /* Sources */,
				9BCC66CC1F6BB3B600FE2602 /* Frameworks */,
				9BCC66CD1F6BB3B600FE2602 /* Resources */,
			);
			buildRules = (
			);
			dependencies = (
			);
			name = "XCFit-Example";
			productName = "XCFit-Example";
			productReference = 9BCC66CF1F6BB3B600FE2602 /* XCFit-Example.app */;
			productType = "com.apple.product-type.application";
		};
		9BCC66E21F6BB3B600FE2602 /* XCFit-ExampleTests */ = {
			isa = PBXNativeTarget;
			buildConfigurationList = 9BCC66EF1F6BB3B600FE2602 /* Build configuration list for PBXNativeTarget "XCFit-ExampleTests" */;
			buildPhases = (
				9BCC66DF1F6BB3B600FE2602 /* Sources */,
				9BCC66E01F6BB3B600FE2602 /* Frameworks */,
				9BCC66E11F6BB3B600FE2602 /* Resources */,
			);
			buildRules = (
			);
			dependencies = (
				9BCC66E51F6BB3B600FE2602 /* PBXTargetDependency */,
			);
			name = "XCFit-ExampleTests";
			productName = "XCFit-ExampleTests";
			productReference = 9BCC66E31F6BB3B600FE2602 /* XCFit-ExampleTests.xctest */;
			productType = "com.apple.product-type.bundle.unit-test";
		};
		9BCC66F81F6BB3D000FE2602 /* XCFit-ExampleBDDTests */ = {
			isa = PBXNativeTarget;
			buildConfigurationList = 9BCC670C1F6BB3D000FE2602 /* Build configuration list for PBXNativeTarget "XCFit-ExampleBDDTests" */;
			buildPhases = (
				9BCC66F21F6BB3D000FE2602 /* Sources */,
				9BCC66F31F6BB3D000FE2602 /* Frameworks */,
				9BCC66F41F6BB3D000FE2602 /* Resources */,
				9BCC66F51F6BB3D000FE2602 /* Sources */,
				9BCC66F61F6BB3D000FE2602 /* Frameworks */,
				9BCC66F71F6BB3D000FE2602 /* Resources */,
				9BCC67121F6BB53000FE2602 /* Carthage */,
			);
			buildRules = (
			);
			dependencies = (
				9BCC670B1F6BB3D000FE2602 /* PBXTargetDependency */,
			);
			name = "XCFit-ExampleBDDTests";
			productName = "XCFit-ExampleBDDTests";
			productReference = 9BCC66F91F6BB3D000FE2602 /* XCFit-ExampleBDDTests.xctest */;
			productType = "com.apple.product-type.bundle.ui-testing";
		};
/* End PBXNativeTarget section */

/* Begin PBXProject section */
		9BCC66C71F6BB3B600FE2602 /* Project object */ = {
			isa = PBXProject;
			attributes = {
				LastSwiftUpdateCheck = 0900;
				LastUpgradeCheck = 0900;
				ORGANIZATIONNAME = "Shashikant Jagtap";
				TargetAttributes = {
					9BCC66CE1F6BB3B600FE2602 = {
						CreatedOnToolsVersion = 9.0;
						ProvisioningStyle = Automatic;
					};
					9BCC66E21F6BB3B600FE2602 = {
						CreatedOnToolsVersion = 9.0;
						ProvisioningStyle = Automatic;
						TestTargetID = 9BCC66CE1F6BB3B600FE2602;
					};
					9BCC66F81F6BB3D000FE2602 = {
						CreatedOnToolsVersion = 9.0;
						ProvisioningStyle = Automatic;
						TestTargetID = 9BCC66CE1F6BB3B600FE2602;
					};
				};
			};
			buildConfigurationList = 9BCC66CA1F6BB3B600FE2602 /* Build configuration list for PBXProject "XCFit-Example" */;
			compatibilityVersion = "Xcode 8.0";
			developmentRegion = en;
			hasScannedForEncodings = 0;
			knownRegions = (
				en,
				Base,
			);
			mainGroup = 9BCC66C61F6BB3B600FE2602;
			productRefGroup = 9BCC66D01F6BB3B600FE2602 /* Products */;
			projectDirPath = "";
			projectRoot = "";
			targets = (
				9BCC66CE1F6BB3B600FE2602 /* XCFit-Example */,
				9BCC66E21F6BB3B600FE2602 /* XCFit-ExampleTests */,
				9BCC66F81F6BB3D000FE2602 /* XCFit-ExampleBDDTests */,
			);
		};
/* End PBXProject section */

/* Begin PBXResourcesBuildPhase section */
		9BCC66CD1F6BB3B600FE2602 /* Resources */ = {
			isa = PBXResourcesBuildPhase;
			buildActionMask = 2147483647;
			files = (
				9BCC66DD1F6BB3B600FE2602 /* LaunchScreen.storyboard in Resources */,
				9BCC66DA1F6BB3B600FE2602 /* Assets.xcassets in Resources */,
				9BCC66D81F6BB3B600FE2602 /* Main.storyboard in Resources */,
			);
			runOnlyForDeploymentPostprocessing = 0;
		};
		9BCC66E11F6BB3B600FE2602 /* Resources */ = {
			isa = PBXResourcesBuildPhase;
			buildActionMask = 2147483647;
			files = (
			);
			runOnlyForDeploymentPostprocessing = 0;
		};
		9BCC66F41F6BB3D000FE2602 /* Resources */ = {
			isa = PBXResourcesBuildPhase;
			buildActionMask = 2147483647;
			files = (
			);
			runOnlyForDeploymentPostprocessing = 0;
		};
		9BCC66F71F6BB3D000FE2602 /* Resources */ = {
			isa = PBXResourcesBuildPhase;
			buildActionMask = 2147483647;
			files = (
			);
			runOnlyForDeploymentPostprocessing = 0;
		};
/* End PBXResourcesBuildPhase section */

/* Begin PBXShellScriptBuildPhase section */
		9BCC67121F6BB53000FE2602 /* Carthage */ = {
			isa = PBXShellScriptBuildPhase;
			buildActionMask = 2147483647;
			files = (
			);
			inputPaths = (
				"$(SRCROOT)/Carthage/Build/iOS/XCFit.framework",
			);
			name = Carthage;
			outputPaths = (
			);
			runOnlyForDeploymentPostprocessing = 0;
			shellPath = /bin/sh;
			shellScript = "/usr/local/bin/carthage copy-frameworks";
		};
/* End PBXShellScriptBuildPhase section */

/* Begin PBXSourcesBuildPhase section */
		9BCC66CB1F6BB3B600FE2602 /* Sources */ = {
			isa = PBXSourcesBuildPhase;
			buildActionMask = 2147483647;
			files = (
				9BCC66D51F6BB3B600FE2602 /* ViewController.swift in Sources */,
				9BCC66D31F6BB3B600FE2602 /* AppDelegate.swift in Sources */,
			);
			runOnlyForDeploymentPostprocessing = 0;
		};
		9BCC66DF1F6BB3B600FE2602 /* Sources */ = {
			isa = PBXSourcesBuildPhase;
			buildActionMask = 2147483647;
			files = (
				9BCC66E81F6BB3B600FE2602 /* XCFit_ExampleTests.swift in Sources */,
			);
			runOnlyForDeploymentPostprocessing = 0;
		};
		9BCC66F21F6BB3D000FE2602 /* Sources */ = {
			isa = PBXSourcesBuildPhase;
			buildActionMask = 2147483647;
			files = (
				9BCC67081F6BB3D000FE2602 /* Feature+Tests.swift in Sources */,
				9BCC66FF1F6BB3D000FE2602 /* Feature+Protocol.swift in Sources */,
				9BCC67051F6BB3D000FE2602 /* Feature+Enum.swift in Sources */,
				9BCC66FC1F6BB3D000FE2602 /* XCFit_ExampleBDDTests.swift in Sources */,
				9BCC67021F6BB3D000FE2602 /* Feature+Extension.swift in Sources */,
			);
			runOnlyForDeploymentPostprocessing = 0;
		};
		9BCC66F51F6BB3D000FE2602 /* Sources */ = {
			isa = PBXSourcesBuildPhase;
			buildActionMask = 2147483647;
			files = (
			);
			runOnlyForDeploymentPostprocessing = 0;
		};
/* End PBXSourcesBuildPhase section */

/* Begin PBXTargetDependency section */
		9BCC66E51F6BB3B600FE2602 /* PBXTargetDependency */ = {
			isa = PBXTargetDependency;
			target = 9BCC66CE1F6BB3B600FE2602 /* XCFit-Example */;
			targetProxy = 9BCC66E41F6BB3B600FE2602 /* PBXContainerItemProxy */;
		};
		9BCC670B1F6BB3D000FE2602 /* PBXTargetDependency */ = {
			isa = PBXTargetDependency;
			target = 9BCC66CE1F6BB3B600FE2602 /* XCFit-Example */;
			targetProxy = 9BCC670A1F6BB3D000FE2602 /* PBXContainerItemProxy */;
		};
/* End PBXTargetDependency section */

/* Begin PBXVariantGroup section */
		9BCC66D61F6BB3B600FE2602 /* Main.storyboard */ = {
			isa = PBXVariantGroup;
			children = (
				9BCC66D71F6BB3B600FE2602 /* Base */,
			);
			name = Main.storyboard;
			sourceTree = "<group>";
		};
		9BCC66DB1F6BB3B600FE2602 /* LaunchScreen.storyboard */ = {
			isa = PBXVariantGroup;
			children = (
				9BCC66DC1F6BB3B600FE2602 /* Base */,
			);
			name = LaunchScreen.storyboard;
			sourceTree = "<group>";
		};
/* End PBXVariantGroup section */

/* Begin XCBuildConfiguration section */
		9BCC66EA1F6BB3B600FE2602 /* Debug */ = {
			isa = XCBuildConfiguration;
			buildSettings = {
				ALWAYS_SEARCH_USER_PATHS = NO;
				CLANG_ANALYZER_NONNULL = YES;
				CLANG_ANALYZER_NUMBER_OBJECT_CONVERSION = YES_AGGRESSIVE;
				CLANG_CXX_LANGUAGE_STANDARD = "gnu++14";
				CLANG_CXX_LIBRARY = "libc++";
				CLANG_ENABLE_MODULES = YES;
				CLANG_ENABLE_OBJC_ARC = YES;
				CLANG_WARN_BLOCK_CAPTURE_AUTORELEASING = YES;
				CLANG_WARN_BOOL_CONVERSION = YES;
				CLANG_WARN_COMMA = YES;
				CLANG_WARN_CONSTANT_CONVERSION = YES;
				CLANG_WARN_DIRECT_OBJC_ISA_USAGE = YES_ERROR;
				CLANG_WARN_DOCUMENTATION_COMMENTS = YES;
				CLANG_WARN_EMPTY_BODY = YES;
				CLANG_WARN_ENUM_CONVERSION = YES;
				CLANG_WARN_INFINITE_RECURSION = YES;
				CLANG_WARN_INT_CONVERSION = YES;
				CLANG_WARN_NON_LITERAL_NULL_CONVERSION = YES;
				CLANG_WARN_OBJC_LITERAL_CONVERSION = YES;
				CLANG_WARN_OBJC_ROOT_CLASS = YES_ERROR;
				CLANG_WARN_RANGE_LOOP_ANALYSIS = YES;
				CLANG_WARN_STRICT_PROTOTYPES = YES;
				CLANG_WARN_SUSPICIOUS_MOVE = YES;
				CLANG_WARN_UNGUARDED_AVAILABILITY = YES_AGGRESSIVE;
				CLANG_WARN_UNREACHABLE_CODE = YES;
				CLANG_WARN__DUPLICATE_METHOD_MATCH = YES;
				CODE_SIGN_IDENTITY = "iPhone Developer";
				COPY_PHASE_STRIP = NO;
				DEBUG_INFORMATION_FORMAT = dwarf;
				ENABLE_STRICT_OBJC_MSGSEND = YES;
				ENABLE_TESTABILITY = YES;
				GCC_C_LANGUAGE_STANDARD = gnu11;
				GCC_DYNAMIC_NO_PIC = NO;
				GCC_NO_COMMON_BLOCKS = YES;
				GCC_OPTIMIZATION_LEVEL = 0;
				GCC_PREPROCESSOR_DEFINITIONS = (
					"DEBUG=1",
					"$(inherited)",
				);
				GCC_WARN_64_TO_32_BIT_CONVERSION = YES;
				GCC_WARN_ABOUT_RETURN_TYPE = YES_ERROR;
				GCC_WARN_UNDECLARED_SELECTOR = YES;
				GCC_WARN_UNINITIALIZED_AUTOS = YES_AGGRESSIVE;
				GCC_WARN_UNUSED_FUNCTION = YES;
				GCC_WARN_UNUSED_VARIABLE = YES;
				IPHONEOS_DEPLOYMENT_TARGET = 11.0;
				MTL_ENABLE_DEBUG_INFO = YES;
				ONLY_ACTIVE_ARCH = YES;
				SDKROOT = iphoneos;
				SWIFT_ACTIVE_COMPILATION_CONDITIONS = DEBUG;
				SWIFT_OPTIMIZATION_LEVEL = "-Onone";
			};
			name = Debug;
		};
		9BCC66EB1F6BB3B600FE2602 /* Release */ = {
			isa = XCBuildConfiguration;
			buildSettings = {
				ALWAYS_SEARCH_USER_PATHS = NO;
				CLANG_ANALYZER_NONNULL = YES;
				CLANG_ANALYZER_NUMBER_OBJECT_CONVERSION = YES_AGGRESSIVE;
				CLANG_CXX_LANGUAGE_STANDARD = "gnu++14";
				CLANG_CXX_LIBRARY = "libc++";
				CLANG_ENABLE_MODULES = YES;
				CLANG_ENABLE_OBJC_ARC = YES;
				CLANG_WARN_BLOCK_CAPTURE_AUTORELEASING = YES;
				CLANG_WARN_BOOL_CONVERSION = YES;
				CLANG_WARN_COMMA = YES;
				CLANG_WARN_CONSTANT_CONVERSION = YES;
				CLANG_WARN_DIRECT_OBJC_ISA_USAGE = YES_ERROR;
				CLANG_WARN_DOCUMENTATION_COMMENTS = YES;
				CLANG_WARN_EMPTY_BODY = YES;
				CLANG_WARN_ENUM_CONVERSION = YES;
				CLANG_WARN_INFINITE_RECURSION = YES;
				CLANG_WARN_INT_CONVERSION = YES;
				CLANG_WARN_NON_LITERAL_NULL_CONVERSION = YES;
				CLANG_WARN_OBJC_LITERAL_CONVERSION = YES;
				CLANG_WARN_OBJC_ROOT_CLASS = YES_ERROR;
				CLANG_WARN_RANGE_LOOP_ANALYSIS = YES;
				CLANG_WARN_STRICT_PROTOTYPES = YES;
				CLANG_WARN_SUSPICIOUS_MOVE = YES;
				CLANG_WARN_UNGUARDED_AVAILABILITY = YES_AGGRESSIVE;
				CLANG_WARN_UNREACHABLE_CODE = YES;
				CLANG_WARN__DUPLICATE_METHOD_MATCH = YES;
				CODE_SIGN_IDENTITY = "iPhone Developer";
				COPY_PHASE_STRIP = NO;
				DEBUG_INFORMATION_FORMAT = "dwarf-with-dsym";
				ENABLE_NS_ASSERTIONS = NO;
				ENABLE_STRICT_OBJC_MSGSEND = YES;
				GCC_C_LANGUAGE_STANDARD = gnu11;
				GCC_NO_COMMON_BLOCKS = YES;
				GCC_WARN_64_TO_32_BIT_CONVERSION = YES;
				GCC_WARN_ABOUT_RETURN_TYPE = YES_ERROR;
				GCC_WARN_UNDECLARED_SELECTOR = YES;
				GCC_WARN_UNINITIALIZED_AUTOS = YES_AGGRESSIVE;
				GCC_WARN_UNUSED_FUNCTION = YES;
				GCC_WARN_UNUSED_VARIABLE = YES;
				IPHONEOS_DEPLOYMENT_TARGET = 11.0;
				MTL_ENABLE_DEBUG_INFO = NO;
				SDKROOT = iphoneos;
				SWIFT_OPTIMIZATION_LEVEL = "-Owholemodule";
				VALIDATE_PRODUCT = YES;
			};
			name = Release;
		};
		9BCC66ED1F6BB3B600FE2602 /* Debug */ = {
			isa = XCBuildConfiguration;
			buildSettings = {
				ASSETCATALOG_COMPILER_APPICON_NAME = AppIcon;
				CODE_SIGN_STYLE = Automatic;
				INFOPLIST_FILE = "XCFit-Example/Info.plist";
				LD_RUNPATH_SEARCH_PATHS = "$(inherited) @executable_path/Frameworks";
				PRODUCT_BUNDLE_IDENTIFIER = "shashi.XCFit-Example";
				PRODUCT_NAME = "$(TARGET_NAME)";
				SWIFT_VERSION = 4.0;
				TARGETED_DEVICE_FAMILY = "1,2";
				VALID_ARCHS = arm64;
			};
			name = Debug;
		};
		9BCC66EE1F6BB3B600FE2602 /* Release */ = {
			isa = XCBuildConfiguration;
			buildSettings = {
				ASSETCATALOG_COMPILER_APPICON_NAME = AppIcon;
				CODE_SIGN_STYLE = Automatic;
				INFOPLIST_FILE = "XCFit-Example/Info.plist";
				LD_RUNPATH_SEARCH_PATHS = "$(inherited) @executable_path/Frameworks";
				PRODUCT_BUNDLE_IDENTIFIER = "shashi.XCFit-Example";
				PRODUCT_NAME = "$(TARGET_NAME)";
				SWIFT_VERSION = 4.0;
				TARGETED_DEVICE_FAMILY = "1,2";
				VALID_ARCHS = arm64;
			};
			name = Release;
		};
		9BCC66F01F6BB3B600FE2602 /* Debug */ = {
			isa = XCBuildConfiguration;
			buildSettings = {
				ALWAYS_EMBED_SWIFT_STANDARD_LIBRARIES = YES;
				BUNDLE_LOADER = "$(TEST_HOST)";
				CODE_SIGN_STYLE = Automatic;
				INFOPLIST_FILE = "XCFit-ExampleTests/Info.plist";
				LD_RUNPATH_SEARCH_PATHS = "$(inherited) @executable_path/Frameworks @loader_path/Frameworks";
				PRODUCT_BUNDLE_IDENTIFIER = "shashi.XCFit-ExampleTests";
				PRODUCT_NAME = "$(TARGET_NAME)";
				SWIFT_VERSION = 4.0;
				TARGETED_DEVICE_FAMILY = "1,2";
				TEST_HOST = "$(BUILT_PRODUCTS_DIR)/XCFit-Example.app/XCFit-Example";
				VALID_ARCHS = arm64;
			};
			name = Debug;
		};
		9BCC66F11F6BB3B600FE2602 /* Release */ = {
			isa = XCBuildConfiguration;
			buildSettings = {
				ALWAYS_EMBED_SWIFT_STANDARD_LIBRARIES = YES;
				BUNDLE_LOADER = "$(TEST_HOST)";
				CODE_SIGN_STYLE = Automatic;
				INFOPLIST_FILE = "XCFit-ExampleTests/Info.plist";
				LD_RUNPATH_SEARCH_PATHS = "$(inherited) @executable_path/Frameworks @loader_path/Frameworks";
				PRODUCT_BUNDLE_IDENTIFIER = "shashi.XCFit-ExampleTests";
				PRODUCT_NAME = "$(TARGET_NAME)";
				SWIFT_VERSION = 4.0;
				TARGETED_DEVICE_FAMILY = "1,2";
				TEST_HOST = "$(BUILT_PRODUCTS_DIR)/XCFit-Example.app/XCFit-Example";
				VALID_ARCHS = arm64;
			};
			name = Release;
		};
		9BCC670D1F6BB3D000FE2602 /* Debug */ = {
			isa = XCBuildConfiguration;
			buildSettings = {
				CODE_SIGN_STYLE = Automatic;
				FRAMEWORK_SEARCH_PATHS = (
					"$(inherited)",
					"$(PROJECT_DIR)/Carthage/Build/iOS",
				);
				INFOPLIST_FILE = "XCFit-ExampleBDDTests/Info.plist";
				LD_RUNPATH_SEARCH_PATHS = "$(inherited) @executable_path/Frameworks @loader_path/Frameworks";
				PRODUCT_BUNDLE_IDENTIFIER = "shashi.XCFit-ExampleBDDTests";
				PRODUCT_NAME = "$(TARGET_NAME)";
				SRC_ROOT = "@\\\"$(SRCROOT)\\\"";
				SWIFT_VERSION = 4.0;
				TARGETED_DEVICE_FAMILY = "1,2";
				TEST_TARGET_NAME = "XCFit-Example";
				VALID_ARCHS = arm64;
			};
			name = Debug;
		};
		9BCC670E1F6BB3D000FE2602 /* Release */ = {
			isa = XCBuildConfiguration;
			buildSettings = {
				CODE_SIGN_STYLE = Automatic;
				FRAMEWORK_SEARCH_PATHS = (
					"$(inherited)",
					"$(PROJECT_DIR)/Carthage/Build/iOS",
				);
				INFOPLIST_FILE = "XCFit-ExampleBDDTests/Info.plist";
				LD_RUNPATH_SEARCH_PATHS = "$(inherited) @executable_path/Frameworks @loader_path/Frameworks";
				PRODUCT_BUNDLE_IDENTIFIER = "shashi.XCFit-ExampleBDDTests";
				PRODUCT_NAME = "$(TARGET_NAME)";
				SWIFT_VERSION = 4.0;
				TARGETED_DEVICE_FAMILY = "1,2";
				TEST_TARGET_NAME = "XCFit-Example";
				VALID_ARCHS = arm64;
			};
			name = Release;
		};
/* End XCBuildConfiguration section */

/* Begin XCConfigurationList section */
		9BCC66CA1F6BB3B600FE2602 /* Build configuration list for PBXProject "XCFit-Example" */ = {
			isa = XCConfigurationList;
			buildConfigurations = (
				9BCC66EA1F6BB3B600FE2602 /* Debug */,
				9BCC66EB1F6BB3B600FE2602 /* Release */,
			);
			defaultConfigurationIsVisible = 0;
			defaultConfigurationName = Release;
		};
		9BCC66EC1F6BB3B600FE2602 /* Build configuration list for PBXNativeTarget "XCFit-Example" */ = {
			isa = XCConfigurationList;
			buildConfigurations = (
				9BCC66ED1F6BB3B600FE2602 /* Debug */,
				9BCC66EE1F6BB3B600FE2602 /* Release */,
			);
			defaultConfigurationIsVisible = 0;
			defaultConfigurationName = Release;
		};
		9BCC66EF1F6BB3B600FE2602 /* Build configuration list for PBXNativeTarget "XCFit-ExampleTests" */ = {
			isa = XCConfigurationList;
			buildConfigurations = (
				9BCC66F01F6BB3B600FE2602 /* Debug */,
				9BCC66F11F6BB3B600FE2602 /* Release */,
			);
			defaultConfigurationIsVisible = 0;
			defaultConfigurationName = Release;
		};
		9BCC670C1F6BB3D000FE2602 /* Build configuration list for PBXNativeTarget "XCFit-ExampleBDDTests" */ = {
			isa = XCConfigurationList;
			buildConfigurations = (
				9BCC670D1F6BB3D000FE2602 /* Debug */,
				9BCC670E1F6BB3D000FE2602 /* Release */,
			);
			defaultConfigurationIsVisible = 0;
			defaultConfigurationName = Release;
		};
/* End XCConfigurationList section */
	};
	rootObject = 9BCC66C71F6BB3B600FE2602 /* Project object */;
}
