PODS:
  - cslim (1.1.3)
  - OCSlimProject (1.2):
    - cslim
  - XCFit (0.1.0):
    - OCSlimProject

DEPENDENCIES:
  - XCFit

SPEC CHECKSUMS:
  cslim: acd60006b3d87c180f008f7c9074bd583c345f98
  OCSlimProject: 066615f2932b2073c537f2bfecd5d1c83fd46452
  XCFit: ccbebb5ffbb4adbc9c41ebc06f5ff6d700d9d4fe

PODFILE CHECKSUM: 66716f559f89c6ac7538a569f386c0163335c297

COCOAPODS: 1.0.1
