PODS:
  - cslim (1.1.4)
  - OCSlimProject (1.3):
    - cslim
  - OCSlimProjectTestBundleSupport (1.3)

DEPENDENCIES:
  - OCSlimProject
  - OCSlimProjectTestBundleSupport

SPEC CHECKSUMS:
  cslim: 43442b320273abf3542b5928c97425373ba7ee0a
  OCSlimProject: a24337484ec168d7983ef507f75624bb8de21c15
  OCSlimProjectTestBundleSupport: '0989fe36517455b3a3058004a523299159458d20'

PODFILE CHECKSUM: '0286443304ba90bf611d835aa068787f48038019'

COCOAPODS: 1.2.0
